{
  "name": "teachingSystem",
  "lockfileVersion": 3,
  "requires": true,
  "packages": {
    "": {
      "dependencies": {
        "echarts": "^6.0.0",
        "three": "^0.183.1"
      }
    },
    "node_modules/echarts": {
      "version": "6.0.0",
      "resolved": "https://registry.npmmirror.com/echarts/-/echarts-6.0.0.tgz",
      "integrity": "sha512-Tte/grDQRiETQP4xz3iZWSvoHrkCQtwqd6hs+mifXcjrCuo2iKWbajFObuLJVBlDIJlOzgQPd1hsaKt/3+OMkQ==",
      "license": "Apache-2.0",
      "dependencies": {
        "tslib": "2.3.0",
        "zrender": "6.0.0"
      }
    },
    "node_modules/three": {
      "version": "0.183.1",
      "resolved": "https://registry.npmjs.org/three/-/three-0.183.1.tgz",
      "integrity": "sha512-Psv6bbd3d/M/01MT2zZ+VmD0Vj2dbWTNhfe4CuSg7w5TuW96M3NOyCVuh9SZQ05CpGmD7NEcJhZw4GVjhCYxfQ==",
      "license": "MIT"
    },
    "node_modules/tslib": {
      "version": "2.3.0",
      "resolved": "https://registry.npmmirror.com/tslib/-/tslib-2.3.0.tgz",
      "integrity": "sha512-N82ooyxVNm6h1riLCoyS9e3fuJ3AMG2zIZs2Gd1ATcSFjSA23Q0fzjjZeh0jbJvWVDZ0cJT8yaNNaaXHzueNjg==",
      "license": "0BSD"
    },
    "node_modules/zrender": {
      "version": "6.0.0",
      "resolved": "https://registry.npmmirror.com/zrender/-/zrender-6.0.0.tgz",
      "integrity": "sha512-41dFXEEXuJpNecuUQq6JlbybmnHaqqpGlbH1yxnA5V9MMP4SbohSVZsJIwz+zdjQXSSlR1Vc34EgH1zxyTDvhg==",
      "license": "BSD-3-Clause",
      "dependencies": {
        "tslib": "2.3.0"
      }
    }
  }
}
